
Microsoft Visual Studio Solution File, Format Version 12.00
# Visual Studio Version 17
VisualStudioVersion = 17.0.31903.59
MinimumVisualStudioVersion = 10.0.40219.1
Project("{9A19103F-16F7-4668-BE54-9A1E7A4F7556}") = "WS.server", "WS.server.csproj", "{AAF8B944-41E8-4CEF-ABCC-38CB4D107856}"
EndProject
Project("{9A19103F-16F7-4668-BE54-9A1E7A4F7556}") = "WS.Client", "..\WS.Client\WS.Client.csproj", "{37DDF1D9-3547-4CBA-85F6-60E227199333}"
EndProject
Project("{FAE04EC0-301F-11D3-BF4B-00C04F79EFBC}") = "WS.Server.SignalIR", "..\WS.Server.SignalIR\WS.Server.SignalIR.csproj", "{E6D68A7F-F559-4F8D-9D11-120F5DDA839F}"
EndProject
Global
	GlobalSection(SolutionConfigurationPlatforms) = preSolution
		Debug|Any CPU = Debug|Any CPU
		Release|Any CPU = Release|Any CPU
	EndGlobalSection
	GlobalSection(ProjectConfigurationPlatforms) = postSolution
		{AAF8B944-41E8-4CEF-ABCC-38CB4D107856}.Debug|Any CPU.ActiveCfg = Debug|Any CPU
		{AAF8B944-41E8-4CEF-ABCC-38CB4D107856}.Debug|Any CPU.Build.0 = Debug|Any CPU
		{AAF8B944-41E8-4CEF-ABCC-38CB4D107856}.Release|Any CPU.ActiveCfg = Release|Any CPU
		{AAF8B944-41E8-4CEF-ABCC-38CB4D107856}.Release|Any CPU.Build.0 = Release|Any CPU
		{37DDF1D9-3547-4CBA-85F6-60E227199333}.Debug|Any CPU.ActiveCfg = Debug|Any CPU
		{37DDF1D9-3547-4CBA-85F6-60E227199333}.Debug|Any CPU.Build.0 = Debug|Any CPU
		{37DDF1D9-3547-4CBA-85F6-60E227199333}.Release|Any CPU.ActiveCfg = Release|Any CPU
		{37DDF1D9-3547-4CBA-85F6-60E227199333}.Release|Any CPU.Build.0 = Release|Any CPU
		{E6D68A7F-F559-4F8D-9D11-120F5DDA839F}.Debug|Any CPU.ActiveCfg = Debug|Any CPU
		{E6D68A7F-F559-4F8D-9D11-120F5DDA839F}.Debug|Any CPU.Build.0 = Debug|Any CPU
		{E6D68A7F-F559-4F8D-9D11-120F5DDA839F}.Release|Any CPU.ActiveCfg = Release|Any CPU
		{E6D68A7F-F559-4F8D-9D11-120F5DDA839F}.Release|Any CPU.Build.0 = Release|Any CPU
	EndGlobalSection
	GlobalSection(SolutionProperties) = preSolution
		HideSolutionNode = FALSE
	EndGlobalSection
	GlobalSection(ExtensibilityGlobals) = postSolution
		SolutionGuid = {DB8A08DB-E165-4BDD-9580-3E5A39EBA78D}
	EndGlobalSection
EndGlobal
